lockfileVersion: '6.0'

settings:
  autoInstallPeers: true
  excludeLinksFromLockfile: false

dependencies:
  next:
    specifier: 14.1.1-canary.80
    version: 14.1.1-canary.80(react-dom@18.2.0)(react@18.2.0)
  next-translate:
    specifier: 2.6.2
    version: 2.6.2(next@14.1.1-canary.80)(react@18.2.0)
  react:
    specifier: 18.2.0
    version: 18.2.0
  react-dom:
    specifier: 18.2.0
    version: 18.2.0(react@18.2.0)

devDependencies:
  '@types/node':
    specifier: 20.11.21
    version: 20.11.21
  '@types/react':
    specifier: 18.2.60
    version: 18.2.60
  next-translate-plugin:
    specifier: 2.6.2
    version: 2.6.2(next-translate@2.6.2)

packages:

  /@next/env@14.1.1-canary.80:
    resolution: {integrity: sha512-wOC/paUahuvf/AE/oe3mnvZgi1lTKdM1NUlutr9+4mGz+C+Mw4doPu628vYu7UiKtTuUxRHFgGslKC9oeTvjhw==}

  /@next/swc-darwin-arm64@14.1.1-canary.80:
    resolution: {integrity: sha512-rRvpAq7BNzsaqqktu/NuFUt9ZkH9ZADEAFsgsFEsyUmpAjLE6d/o+GeyfiRWvvs8Lcl+NDoEta/iT4FYwEUG1g==}
    engines: {node: '>= 10'}
    cpu: [arm64]
    os: [darwin]
    requiresBuild: true
    optional: true

  /@next/swc-darwin-x64@14.1.1-canary.80:
    resolution: {integrity: sha512-lEC0LUr7ZIpGnsdNccFmEQ1I/YXIZBBfwmCMpFtF3DjJXSX92HK31IWbBzL9cGHUQcaq3L+Wyva8TlsNR0e80w==}
    engines: {node: '>= 10'}
    cpu: [x64]
    os: [darwin]
    requiresBuild: true
    optional: true

  /@next/swc-linux-arm64-gnu@14.1.1-canary.80:
    resolution: {integrity: sha512-I+wuvjUUh9KFYXNwPwV4UWwBDXthLV6C5LCtcp0jPwDJrgdXTyMD3v+P6aJ/xOWbyv/nWOJVW9PBOVIeYL+TqA==}
    engines: {node: '>= 10'}
    cpu: [arm64]
    os: [linux]
    libc: [glibc]
    requiresBuild: true
    optional: true

  /@next/swc-linux-arm64-musl@14.1.1-canary.80:
    resolution: {integrity: sha512-6WJ+Agyiidq2o5rUJOyBINmbUBL1EdXOIDF6zuNgC1REoeXdhqFf3oB1KoJatXgjlhMyltOoepgutuZWJDZ+Zg==}
    engines: {node: '>= 10'}
    cpu: [arm64]
    os: [linux]
    libc: [musl]
    requiresBuild: true
    optional: true

  /@next/swc-linux-x64-gnu@14.1.1-canary.80:
    resolution: {integrity: sha512-szjzs8GvhdxyC0fbXT0JlDMDVkAgqYQs3iN3yzF4UMhfRM9VVyBSJYiHPhTrXUatlZ8h9SlMoP5YuN0ZBSbqoA==}
    engines: {node: '>= 10'}
    cpu: [x64]
    os: [linux]
    libc: [glibc]
    requiresBuild: true
    optional: true

  /@next/swc-linux-x64-musl@14.1.1-canary.80:
    resolution: {integrity: sha512-Nek2e3aKt9tjN3YdAGFetjRVtxdIBK8A9iPnVCGrYuy2ERpAwsupOk8nmMzIlp1kGxxGsLWL1vBojQwjukKWkg==}
    engines: {node: '>= 10'}
    cpu: [x64]
    os: [linux]
    libc: [musl]
    requiresBuild: true
    optional: true

  /@next/swc-win32-arm64-msvc@14.1.1-canary.80:
    resolution: {integrity: sha512-aPnjiYjduvB5ut7juZ4g/mc9aY8MCsQESrSH5/dQVZJF5o6JzcNj+0D21J1/oeqiBOVsvn1LMjNOMU762t0gHQ==}
    engines: {node: '>= 10'}
    cpu: [arm64]
    os: [win32]
    requiresBuild: true
    optional: true

  /@next/swc-win32-ia32-msvc@14.1.1-canary.80:
    resolution: {integrity: sha512-n0u0CofRBEx35Nn6mxS1o4o1+dseR9GhTuVqj6Zy2xIby66IjuuxKuLD49Ufg9qsj1oCAkJpsToJqmqisc4Eyg==}
    engines: {node: '>= 10'}
    cpu: [ia32]
    os: [win32]
    requiresBuild: true
    optional: true

  /@next/swc-win32-x64-msvc@14.1.1-canary.80:
    resolution: {integrity: sha512-eNTkUJVB2JyPxnf9iDEMEkMFPrxb1lA32Mk0H7kl7EndQ0hNmSnDbcBLji3J2jBFcTK8ok0FH5sZH3c/lxR8aw==}
    engines: {node: '>= 10'}
    cpu: [x64]
    os: [win32]
    requiresBuild: true
    optional: true

  /@swc/counter@0.1.3:
    resolution: {integrity: sha512-e2BR4lsJkkRlKZ/qCHPw9ZaSxc0MVUd7gtbtaB7aMvHeJVYe8sOB8DBZkP2DtISHGSku9sCK6T6cnY0CtXrOCQ==}

  /@swc/helpers@0.5.5:
    resolution: {integrity: sha512-KGYxvIOXcceOAbEk4bi/dVLEK9z8sZ0uBB3Il5b1rhfClSpcX0yfRO0KmTkqR2cnQDymwLB+25ZyMzICg/cm/A==}
    dependencies:
      '@swc/counter': 0.1.3
      tslib: 2.6.2

  /@types/node@20.11.21:
    resolution: {integrity: sha512-/ySDLGscFPNasfqStUuWWPfL78jompfIoVzLJPVVAHBh6rpG68+pI2Gk+fNLeI8/f1yPYL4s46EleVIc20F1Ow==}
    dependencies:
      undici-types: 5.26.5
    dev: true

  /@types/prop-types@15.7.11:
    resolution: {integrity: sha512-ga8y9v9uyeiLdpKddhxYQkxNDrfvuPrlFb0N1qnZZByvcElJaXthF1UhvCh9TLWJBEHeNtdnbysW7Y6Uq8CVng==}
    dev: true

  /@types/react@18.2.60:
    resolution: {integrity: sha512-dfiPj9+k20jJrLGOu9Nf6eqxm2EyJRrq2NvwOFsfbb7sFExZ9WELPs67UImHj3Ayxg8ruTtKtNnbjaF8olPq0A==}
    dependencies:
      '@types/prop-types': 15.7.11
      '@types/scheduler': 0.16.8
      csstype: 3.1.3
    dev: true

  /@types/scheduler@0.16.8:
    resolution: {integrity: sha512-WZLiwShhwLRmeV6zH+GkbOFT6Z6VklCItrDioxUnv+u4Ll+8vKeFySoFyK/0ctcRpOmwAicELfmys1sDc/Rw+A==}
    dev: true

  /busboy@1.6.0:
    resolution: {integrity: sha512-8SFQbg/0hQ9xy3UNTB0YEnsNBbWfhf7RtnzpL7TkBiTBRfrQ9Fxcnz7VJsleJpyp6rVLvXiuORqjlHi5q+PYuA==}
    engines: {node: '>=10.16.0'}
    dependencies:
      streamsearch: 1.1.0

  /caniuse-lite@1.0.30001591:
    resolution: {integrity: sha512-PCzRMei/vXjJyL5mJtzNiUCKP59dm8Apqc3PH8gJkMnMXZGox93RbE76jHsmLwmIo6/3nsYIpJtx0O7u5PqFuQ==}

  /client-only@0.0.1:
    resolution: {integrity: sha512-IV3Ou0jSMzZrd3pZ48nLkT9DA7Ag1pnPzaiQhpW7c3RbcqqzvzzVu+L8gfqMp/8IM2MQtSiqaCxrrcfu8I8rMA==}

  /csstype@3.1.3:
    resolution: {integrity: sha512-M1uQkMl8rQK/szD0LNhtqxIPLpimGm8sOBwU7lLnCpSbTyY3yeU1Vc7l4KT5zT4s/yOxHH5O7tIuuLOCnLADRw==}
    dev: true

  /graceful-fs@4.2.11:
    resolution: {integrity: sha512-RbJ5/jmFcNNCcDV5o9eTnBLJ/HszWV0P73bc+Ff4nS/rJj+YaS6IGyiOL0VoBYX+l1Wrl3k63h/KrH+nhJ0XvQ==}

  /js-tokens@4.0.0:
    resolution: {integrity: sha512-RdJUflcE3cUzKiMqQgsCu06FPu9UdIJO0beYbPhHN4k6apgJtifcoCtT9bcxOpYBtpD2kCM6Sbzg4CausW/PKQ==}

  /loose-envify@1.4.0:
    resolution: {integrity: sha512-lyuxPGr/Wfhrlem2CL/UcnUc1zcqKAImBDzukY7Y5F/yQiNdko6+fRLevlw1HgMySw7f611UIY408EtxRSoK3Q==}
    hasBin: true
    dependencies:
      js-tokens: 4.0.0

  /nanoid@3.3.7:
    resolution: {integrity: sha512-eSRppjcPIatRIMC1U6UngP8XFcz8MQWGQdt1MTBQ7NaAmvXDfvNxbvWV3x2y6CdEUciCSsDHDQZbhYaB8QEo2g==}
    engines: {node: ^10 || ^12 || ^13.7 || ^14 || >=15.0.1}
    hasBin: true

  /next-translate-plugin@2.6.2(next-translate@2.6.2):
    resolution: {integrity: sha512-qfvYG//QfP7b+A/xXGP9K+bdswkAFCabguemuEqjxu+j8pRNoF+jWKmepRXRaAcn1PqFLBj6PBvYkqD1r5k5Zw==}
    engines: {node: '>=14.15.0'}
    requiresBuild: true
    peerDependencies:
      next-translate: '>= 2.4.1'
    dependencies:
      next-translate: 2.6.2(next@14.1.1-canary.80)(react@18.2.0)
      typescript: 4.5.2
    dev: true

  /next-translate@2.6.2(next@14.1.1-canary.80)(react@18.2.0):
    resolution: {integrity: sha512-Dcfo2Vyw+Ds06+8BJM0RcV/lfN7R59kTY/NP+XJgSpcrFKZV6QJuKfS+K4+OHkKBdQnF3ZOT3wk1np9eZx/PEA==}
    engines: {node: '>=16.10.0'}
    peerDependencies:
      next: '>= 13.2.5'
      react: '>= 18.0.0'
    dependencies:
      next: 14.1.1-canary.80(react-dom@18.2.0)(react@18.2.0)
      react: 18.2.0

  /next@14.1.1-canary.80(react-dom@18.2.0)(react@18.2.0):
    resolution: {integrity: sha512-mjAz6ssshgYAtYxH4dzvZ57P0jTgbcMHsBLx6Rc7Nlh5vL2STILlDDndd4gAubbop7K4+ZTjvaI5l+sE8BHc7g==}
    engines: {node: '>=18.17.0'}
    hasBin: true
    peerDependencies:
      '@opentelemetry/api': ^1.1.0
      react: ^18.2.0
      react-dom: ^18.2.0
      sass: ^1.3.0
    peerDependenciesMeta:
      '@opentelemetry/api':
        optional: true
      sass:
        optional: true
    dependencies:
      '@next/env': 14.1.1-canary.80
      '@swc/helpers': 0.5.5
      busboy: 1.6.0
      caniuse-lite: 1.0.30001591
      graceful-fs: 4.2.11
      postcss: 8.4.31
      react: 18.2.0
      react-dom: 18.2.0(react@18.2.0)
      styled-jsx: 5.1.1(react@18.2.0)
    optionalDependencies:
      '@next/swc-darwin-arm64': 14.1.1-canary.80
      '@next/swc-darwin-x64': 14.1.1-canary.80
      '@next/swc-linux-arm64-gnu': 14.1.1-canary.80
      '@next/swc-linux-arm64-musl': 14.1.1-canary.80
      '@next/swc-linux-x64-gnu': 14.1.1-canary.80
      '@next/swc-linux-x64-musl': 14.1.1-canary.80
      '@next/swc-win32-arm64-msvc': 14.1.1-canary.80
      '@next/swc-win32-ia32-msvc': 14.1.1-canary.80
      '@next/swc-win32-x64-msvc': 14.1.1-canary.80
    transitivePeerDependencies:
      - '@babel/core'
      - babel-plugin-macros

  /picocolors@1.0.0:
    resolution: {integrity: sha512-1fygroTLlHu66zi26VoTDv8yRgm0Fccecssto+MhsZ0D/DGW2sm8E8AjW7NU5VVTRt5GxbeZ5qBuJr+HyLYkjQ==}

  /postcss@8.4.31:
    resolution: {integrity: sha512-PS08Iboia9mts/2ygV3eLpY5ghnUcfLV/EXTOW1E2qYxJKGGBUtNjN76FYHnMs36RmARn41bC0AZmn+rR0OVpQ==}
    engines: {node: ^10 || ^12 || >=14}
    dependencies:
      nanoid: 3.3.7
      picocolors: 1.0.0
      source-map-js: 1.0.2

  /react-dom@18.2.0(react@18.2.0):
    resolution: {integrity: sha512-6IMTriUmvsjHUjNtEDudZfuDQUoWXVxKHhlEGSk81n4YFS+r/Kl99wXiwlVXtPBtJenozv2P+hxDsw9eA7Xo6g==}
    peerDependencies:
      react: ^18.2.0
    dependencies:
      loose-envify: 1.4.0
      react: 18.2.0
      scheduler: 0.23.0

  /react@18.2.0:
    resolution: {integrity: sha512-/3IjMdb2L9QbBdWiW5e3P2/npwMBaU9mHCSCUzNln0ZCYbcfTsGbTJrU/kGemdH2IWmB2ioZ+zkxtmq6g09fGQ==}
    engines: {node: '>=0.10.0'}
    dependencies:
      loose-envify: 1.4.0

  /scheduler@0.23.0:
    resolution: {integrity: sha512-CtuThmgHNg7zIZWAXi3AsyIzA3n4xx7aNyjwC2VJldO2LMVDhFK+63xGqq6CsJH4rTAt6/M+N4GhZiDYPx9eUw==}
    dependencies:
      loose-envify: 1.4.0

  /source-map-js@1.0.2:
    resolution: {integrity: sha512-R0XvVJ9WusLiqTCEiGCmICCMplcCkIwwR11mOSD9CR5u+IXYdiseeEuXCVAjS54zqwkLcPNnmU4OeJ6tUrWhDw==}
    engines: {node: '>=0.10.0'}

  /streamsearch@1.1.0:
    resolution: {integrity: sha512-Mcc5wHehp9aXz1ax6bZUyY5afg9u2rv5cqQI3mRrYkGC8rW2hM02jWuwjtL++LS5qinSyhj2QfLyNsuc+VsExg==}
    engines: {node: '>=10.0.0'}

  /styled-jsx@5.1.1(react@18.2.0):
    resolution: {integrity: sha512-pW7uC1l4mBZ8ugbiZrcIsiIvVx1UmTfw7UkC3Um2tmfUq9Bhk8IiyEIPl6F8agHgjzku6j0xQEZbfA5uSgSaCw==}
    engines: {node: '>= 12.0.0'}
    peerDependencies:
      '@babel/core': '*'
      babel-plugin-macros: '*'
      react: '>= 16.8.0 || 17.x.x || ^18.0.0-0'
    peerDependenciesMeta:
      '@babel/core':
        optional: true
      babel-plugin-macros:
        optional: true
    dependencies:
      client-only: 0.0.1
      react: 18.2.0

  /tslib@2.6.2:
    resolution: {integrity: sha512-AEYxH93jGFPn/a2iVAwW87VuUIkR1FVUKB77NwMF7nBTDkDrrT/Hpt/IrCJ0QXhW27jTBDcf5ZY7w6RiqTMw2Q==}

  /typescript@4.5.2:
    resolution: {integrity: sha512-5BlMof9H1yGt0P8/WF+wPNw6GfctgGjXp5hkblpyT+8rkASSmkUKMXrxR0Xg8ThVCi/JnHQiKXeBaEwCeQwMFw==}
    engines: {node: '>=4.2.0'}
    hasBin: true
    dev: true

  /undici-types@5.26.5:
    resolution: {integrity: sha512-JlCMO+ehdEIKqlFxk6IfVoAUVmgz7cU7zD/h9XZ0qzeosSHmUJVOzSQvvYSYWXkFXC+IfLKSIffhv0sVZup6pA==}
    dev: true
